hash: 0553ef6ee57299cf439aa3ffd7e5d627ad7632b079e42740696637a83715b406
updated: 2018-04-08T10:21:45.663825726+08:00
imports:
- name: github.com/boltdb/bolt
  version: fd01fc79c553a8e99d512a07e8e0c63d4a3ccfc5
- name: golang.org/x/crypto
  version: b2aa35443fbc700ab74c586ae79b81c171851023
  subpackages:
  - ripemd160
- name: golang.org/x/sys
  version: 91ee8cde435411ca3f1cd365e8f20131aed4d0a1
  subpackages:
  - unix
testImports:
- name: github.com/davecgh/go-spew
  version: 6d212800a42e8ab5c146b8ace3490ee17e5225f9
  subpackages:
  - spew
- name: github.com/pmezard/go-difflib
  version: d8ed2627bdf02c080bf22230dbb337003b7aba2d
  subpackages:
  - difflib
- name: github.com/stretchr/testify
  version: 12b6f73e6084dad08a7c6e575284b177ecafbc71
  subpackages:
  - assert
